
Microsoft Visual Studio Solution File, Format Version 12.00
# Visual Studio Version 17
VisualStudioVersion = 17.12.35527.113 d17.12
MinimumVisualStudioVersion = 10.0.40219.1
Project("{FAE04EC0-301F-11D3-BF4B-00C04F79EFBC}") = "WebAppEfFull", "WebAppEfFull\WebAppEfFull.csproj", "{AB314CD0-8839-4F40-9958-91E243A6B156}"
EndProject
Project("{FAE04EC0-301F-11D3-BF4B-00C04F79EFBC}") = "WebAppEfFull.Tests", "WebAppEfFull.Tests\WebAppEfFull.Tests.csproj", "{6F843FB1-7FF7-4BA4-B2DA-3A314665DAAC}"
EndProject
Project("{FAE04EC0-301F-11D3-BF4B-00C04F79EFBC}") = "WebAppEfCodeFirst", "WebAppEfCodeFirst\WebAppEfCodeFirst.csproj", "{B445C2AC-7B74-41B5-BC7D-4F906FB5BC2E}"
EndProject
Project("{2150E333-8FDC-42A3-9474-1A3956D46DE8}") = "src_firstEfCore", "src_firstEfCore", "{DD9FDF88-B659-4B06-BE92-10814B5BC57E}"
EndProject
Global
	GlobalSection(SolutionConfigurationPlatforms) = preSolution
		Debug|Any CPU = Debug|Any CPU
		Release|Any CPU = Release|Any CPU
	EndGlobalSection
	GlobalSection(ProjectConfigurationPlatforms) = postSolution
		{AB314CD0-8839-4F40-9958-91E243A6B156}.Debug|Any CPU.ActiveCfg = Debug|Any CPU
		{AB314CD0-8839-4F40-9958-91E243A6B156}.Debug|Any CPU.Build.0 = Debug|Any CPU
		{AB314CD0-8839-4F40-9958-91E243A6B156}.Release|Any CPU.ActiveCfg = Release|Any CPU
		{AB314CD0-8839-4F40-9958-91E243A6B156}.Release|Any CPU.Build.0 = Release|Any CPU
		{6F843FB1-7FF7-4BA4-B2DA-3A314665DAAC}.Debug|Any CPU.ActiveCfg = Debug|Any CPU
		{6F843FB1-7FF7-4BA4-B2DA-3A314665DAAC}.Debug|Any CPU.Build.0 = Debug|Any CPU
		{6F843FB1-7FF7-4BA4-B2DA-3A314665DAAC}.Release|Any CPU.ActiveCfg = Release|Any CPU
		{6F843FB1-7FF7-4BA4-B2DA-3A314665DAAC}.Release|Any CPU.Build.0 = Release|Any CPU
		{B445C2AC-7B74-41B5-BC7D-4F906FB5BC2E}.Debug|Any CPU.ActiveCfg = Debug|Any CPU
		{B445C2AC-7B74-41B5-BC7D-4F906FB5BC2E}.Debug|Any CPU.Build.0 = Debug|Any CPU
		{B445C2AC-7B74-41B5-BC7D-4F906FB5BC2E}.Release|Any CPU.ActiveCfg = Release|Any CPU
		{B445C2AC-7B74-41B5-BC7D-4F906FB5BC2E}.Release|Any CPU.Build.0 = Release|Any CPU
	EndGlobalSection
	GlobalSection(SolutionProperties) = preSolution
		HideSolutionNode = FALSE
	EndGlobalSection
	GlobalSection(NestedProjects) = preSolution
		{AB314CD0-8839-4F40-9958-91E243A6B156} = {DD9FDF88-B659-4B06-BE92-10814B5BC57E}
		{6F843FB1-7FF7-4BA4-B2DA-3A314665DAAC} = {DD9FDF88-B659-4B06-BE92-10814B5BC57E}
		{B445C2AC-7B74-41B5-BC7D-4F906FB5BC2E} = {DD9FDF88-B659-4B06-BE92-10814B5BC57E}
	EndGlobalSection
	GlobalSection(ExtensibilityGlobals) = postSolution
		SolutionGuid = {407D3D20-656E-4BB6-8727-8E6540AFD595}
	EndGlobalSection
EndGlobal
